// !$*UTF8*$!
{
	archiveVersion = 1;
	classes = {
	};
	objectVersion = 56;
	objects = {

/* Begin PBXBuildFile section */
		C5150D8129CBADB000A3F39F /* SwiftUIAnimationApp.swift in Sources */ = {isa = PBXBuildFile; fileRef = C5150D8029CBADB000A3F39F /* SwiftUIAnimationApp.swift */; };
		C5150D8329CBADB000A3F39F /* ContentView.swift in Sources */ = {isa = PBXBuildFile; fileRef = C5150D8229CBADB000A3F39F /* ContentView.swift */; };
		C5150D8529CBADB100A3F39F /* Assets.xcassets in Resources */ = {isa = PBXBuildFile; fileRef = C5150D8429CBADB100A3F39F /* Assets.xcassets */; };
		C5150D8829CBADB100A3F39F /* Preview Assets.xcassets in Resources */ = {isa = PBXBuildFile; fileRef = C5150D8729CBADB100A3F39F /* Preview Assets.xcassets */; };
		C5150D9029CBAE9E00A3F39F /* BasicAnimationExerciseView.swift in Sources */ = {isa = PBXBuildFile; fileRef = C5150D8F29CBAE9E00A3F39F /* BasicAnimationExerciseView.swift */; };
		C5150D9229CBC25100A3F39F /* BasicAnimationLogin.swift in Sources */ = {isa = PBXBuildFile; fileRef = C5150D9129CBC25100A3F39F /* BasicAnimationLogin.swift */; };
		C5150D9429CDECC600A3F39F /* BasicAnimationShowMenu.swift in Sources */ = {isa = PBXBuildFile; fileRef = C5150D9329CDECC600A3F39F /* BasicAnimationShowMenu.swift */; };
		C5150D9729D0D84E00A3F39F /* TriggerButton.swift in Sources */ = {isa = PBXBuildFile; fileRef = C5150D9629D0D84E00A3F39F /* TriggerButton.swift */; };
		C5150D9929D0DE7C00A3F39F /* TriggerSegmentedControl.swift in Sources */ = {isa = PBXBuildFile; fileRef = C5150D9829D0DE7C00A3F39F /* TriggerSegmentedControl.swift */; };
		C5150D9B29D0E21A00A3F39F /* TriggerSlider.swift in Sources */ = {isa = PBXBuildFile; fileRef = C5150D9A29D0E21A00A3F39F /* TriggerSlider.swift */; };
		C5150D9D29D0E55100A3F39F /* TriggerStepper.swift in Sources */ = {isa = PBXBuildFile; fileRef = C5150D9C29D0E55100A3F39F /* TriggerStepper.swift */; };
		C5150D9F29D0EB5D00A3F39F /* TriggerToggle.swift in Sources */ = {isa = PBXBuildFile; fileRef = C5150D9E29D0EB5D00A3F39F /* TriggerToggle.swift */; };
		C5150DA129D0EE6F00A3F39F /* TriggerOnAppear.swift in Sources */ = {isa = PBXBuildFile; fileRef = C5150DA029D0EE6F00A3F39F /* TriggerOnAppear.swift */; };
		C5150DA329D0EF5C00A3F39F /* TriggerOnDisappear.swift in Sources */ = {isa = PBXBuildFile; fileRef = C5150DA229D0EF5C00A3F39F /* TriggerOnDisappear.swift */; };
		C5150DA529D0FA2500A3F39F /* TriggerGesturesDrag.swift in Sources */ = {isa = PBXBuildFile; fileRef = C5150DA429D0FA2500A3F39F /* TriggerGesturesDrag.swift */; };
		C5150DA729D0FC5400A3F39F /* TriggerGestureLongPress.swift in Sources */ = {isa = PBXBuildFile; fileRef = C5150DA629D0FC5400A3F39F /* TriggerGestureLongPress.swift */; };
		C5150DA929D0FD0B00A3F39F /* TriggerGestureTap.swift in Sources */ = {isa = PBXBuildFile; fileRef = C5150DA829D0FD0B00A3F39F /* TriggerGestureTap.swift */; };
		C5150DAB29D0FE0F00A3F39F /* TriggerGestureMagnification.swift in Sources */ = {isa = PBXBuildFile; fileRef = C5150DAA29D0FE0F00A3F39F /* TriggerGestureMagnification.swift */; };
		C5150DAD29D0FFB900A3F39F /* TriggerGestureRotation.swift in Sources */ = {isa = PBXBuildFile; fileRef = C5150DAC29D0FFB900A3F39F /* TriggerGestureRotation.swift */; };
/* End PBXBuildFile section */

/* Begin PBXFileReference section */
		C5150D7D29CBADB000A3F39F /* SwiftUIAnimation.app */ = {isa = PBXFileReference; explicitFileType = wrapper.application; includeInIndex = 0; path = SwiftUIAnimation.app; sourceTree = BUILT_PRODUCTS_DIR; };
		C5150D8029CBADB000A3F39F /* SwiftUIAnimationApp.swift */ = {isa = PBXFileReference; lastKnownFileType = sourcecode.swift; path = SwiftUIAnimationApp.swift; sourceTree = "<group>"; };
		C5150D8229CBADB000A3F39F /* ContentView.swift */ = {isa = PBXFileReference; lastKnownFileType = sourcecode.swift; path = ContentView.swift; sourceTree = "<group>"; };
		C5150D8429CBADB100A3F39F /* Assets.xcassets */ = {isa = PBXFileReference; lastKnownFileType = folder.assetcatalog; path = Assets.xcassets; sourceTree = "<group>"; };
		C5150D8729CBADB100A3F39F /* Preview Assets.xcassets */ = {isa = PBXFileReference; lastKnownFileType = folder.assetcatalog; path = "Preview Assets.xcassets"; sourceTree = "<group>"; };
		C5150D8F29CBAE9E00A3F39F /* BasicAnimationExerciseView.swift */ = {isa = PBXFileReference; lastKnownFileType = sourcecode.swift; path = BasicAnimationExerciseView.swift; sourceTree = "<group>"; };
		C5150D9129CBC25100A3F39F /* BasicAnimationLogin.swift */ = {isa = PBXFileReference; lastKnownFileType = sourcecode.swift; path = BasicAnimationLogin.swift; sourceTree = "<group>"; };
		C5150D9329CDECC600A3F39F /* BasicAnimationShowMenu.swift */ = {isa = PBXFileReference; lastKnownFileType = sourcecode.swift; path = BasicAnimationShowMenu.swift; sourceTree = "<group>"; };
		C5150D9629D0D84E00A3F39F /* TriggerButton.swift */ = {isa = PBXFileReference; lastKnownFileType = sourcecode.swift; path = TriggerButton.swift; sourceTree = "<group>"; };
		C5150D9829D0DE7C00A3F39F /* TriggerSegmentedControl.swift */ = {isa = PBXFileReference; lastKnownFileType = sourcecode.swift; path = TriggerSegmentedControl.swift; sourceTree = "<group>"; };
		C5150D9A29D0E21A00A3F39F /* TriggerSlider.swift */ = {isa = PBXFileReference; lastKnownFileType = sourcecode.swift; path = TriggerSlider.swift; sourceTree = "<group>"; };
		C5150D9C29D0E55100A3F39F /* TriggerStepper.swift */ = {isa = PBXFileReference; lastKnownFileType = sourcecode.swift; path = TriggerStepper.swift; sourceTree = "<group>"; };
		C5150D9E29D0EB5D00A3F39F /* TriggerToggle.swift */ = {isa = PBXFileReference; lastKnownFileType = sourcecode.swift; path = TriggerToggle.swift; sourceTree = "<group>"; };
		C5150DA029D0EE6F00A3F39F /* TriggerOnAppear.swift */ = {isa = PBXFileReference; lastKnownFileType = sourcecode.swift; path = TriggerOnAppear.swift; sourceTree = "<group>"; };
		C5150DA229D0EF5C00A3F39F /* TriggerOnDisappear.swift */ = {isa = PBXFileReference; lastKnownFileType = sourcecode.swift; path = TriggerOnDisappear.swift; sourceTree = "<group>"; };
		C5150DA429D0FA2500A3F39F /* TriggerGesturesDrag.swift */ = {isa = PBXFileReference; lastKnownFileType = sourcecode.swift; path = TriggerGesturesDrag.swift; sourceTree = "<group>"; };
		C5150DA629D0FC5400A3F39F /* TriggerGestureLongPress.swift */ = {isa = PBXFileReference; lastKnownFileType = sourcecode.swift; path = TriggerGestureLongPress.swift; sourceTree = "<group>"; };
		C5150DA829D0FD0B00A3F39F /* TriggerGestureTap.swift */ = {isa = PBXFileReference; lastKnownFileType = sourcecode.swift; path = TriggerGestureTap.swift; sourceTree = "<group>"; };
		C5150DAA29D0FE0F00A3F39F /* TriggerGestureMagnification.swift */ = {isa = PBXFileReference; lastKnownFileType = sourcecode.swift; path = TriggerGestureMagnification.swift; sourceTree = "<group>"; };
		C5150DAC29D0FFB900A3F39F /* TriggerGestureRotation.swift */ = {isa = PBXFileReference; lastKnownFileType = sourcecode.swift; path = TriggerGestureRotation.swift; sourceTree = "<group>"; };
/* End PBXFileReference section */

/* Begin PBXFrameworksBuildPhase section */
		C5150D7A29CBADB000A3F39F /* Frameworks */ = {
			isa = PBXFrameworksBuildPhase;
			buildActionMask = 2147483647;
			files = (
			);
			runOnlyForDeploymentPostprocessing = 0;
		};
/* End PBXFrameworksBuildPhase section */

/* Begin PBXGroup section */
		C5150D7429CBADB000A3F39F = {
			isa = PBXGroup;
			children = (
				C5150D7F29CBADB000A3F39F /* SwiftUIAnimation */,
				C5150D7E29CBADB000A3F39F /* Products */,
			);
			sourceTree = "<group>";
		};
		C5150D7E29CBADB000A3F39F /* Products */ = {
			isa = PBXGroup;
			children = (
				C5150D7D29CBADB000A3F39F /* SwiftUIAnimation.app */,
			);
			name = Products;
			sourceTree = "<group>";
		};
		C5150D7F29CBADB000A3F39F /* SwiftUIAnimation */ = {
			isa = PBXGroup;
			children = (
				C5150D9529CDF68F00A3F39F /* AnimationTriggers */,
				C5150D8E29CBAE5800A3F39F /* BasicAnimations */,
				C5150D8029CBADB000A3F39F /* SwiftUIAnimationApp.swift */,
				C5150D8229CBADB000A3F39F /* ContentView.swift */,
				C5150D8429CBADB100A3F39F /* Assets.xcassets */,
				C5150D8629CBADB100A3F39F /* Preview Content */,
			);
			path = SwiftUIAnimation;
			sourceTree = "<group>";
		};
		C5150D8629CBADB100A3F39F /* Preview Content */ = {
			isa = PBXGroup;
			children = (
				C5150D8729CBADB100A3F39F /* Preview Assets.xcassets */,
			);
			path = "Preview Content";
			sourceTree = "<group>";
		};
		C5150D8E29CBAE5800A3F39F /* BasicAnimations */ = {
			isa = PBXGroup;
			children = (
				C5150D8F29CBAE9E00A3F39F /* BasicAnimationExerciseView.swift */,
				C5150D9129CBC25100A3F39F /* BasicAnimationLogin.swift */,
				C5150D9329CDECC600A3F39F /* BasicAnimationShowMenu.swift */,
			);
			path = BasicAnimations;
			sourceTree = "<group>";
		};
		C5150D9529CDF68F00A3F39F /* AnimationTriggers */ = {
			isa = PBXGroup;
			children = (
				C5150D9629D0D84E00A3F39F /* TriggerButton.swift */,
				C5150D9829D0DE7C00A3F39F /* TriggerSegmentedControl.swift */,
				C5150D9A29D0E21A00A3F39F /* TriggerSlider.swift */,
				C5150D9C29D0E55100A3F39F /* TriggerStepper.swift */,
				C5150D9E29D0EB5D00A3F39F /* TriggerToggle.swift */,
				C5150DA029D0EE6F00A3F39F /* TriggerOnAppear.swift */,
				C5150DA229D0EF5C00A3F39F /* TriggerOnDisappear.swift */,
				C5150DA429D0FA2500A3F39F /* TriggerGesturesDrag.swift */,
				C5150DA629D0FC5400A3F39F /* TriggerGestureLongPress.swift */,
				C5150DA829D0FD0B00A3F39F /* TriggerGestureTap.swift */,
				C5150DAA29D0FE0F00A3F39F /* TriggerGestureMagnification.swift */,
				C5150DAC29D0FFB900A3F39F /* TriggerGestureRotation.swift */,
			);
			path = AnimationTriggers;
			sourceTree = "<group>";
		};
/* End PBXGroup section */

/* Begin PBXNativeTarget section */
		C5150D7C29CBADB000A3F39F /* SwiftUIAnimation */ = {
			isa = PBXNativeTarget;
			buildConfigurationList = C5150D8B29CBADB100A3F39F /* Build configuration list for PBXNativeTarget "SwiftUIAnimation" */;
			buildPhases = (
				C5150D7929CBADB000A3F39F /* Sources */,
				C5150D7A29CBADB000A3F39F /* Frameworks */,
				C5150D7B29CBADB000A3F39F /* Resources */,
			);
			buildRules = (
			);
			dependencies = (
			);
			name = SwiftUIAnimation;
			productName = SwiftUIAnimation;
			productReference = C5150D7D29CBADB000A3F39F /* SwiftUIAnimation.app */;
			productType = "com.apple.product-type.application";
		};
/* End PBXNativeTarget section */

/* Begin PBXProject section */
		C5150D7529CBADB000A3F39F /* Project object */ = {
			isa = PBXProject;
			attributes = {
				BuildIndependentTargetsInParallel = 1;
				LastSwiftUpdateCheck = 1420;
				LastUpgradeCheck = 1420;
				TargetAttributes = {
					C5150D7C29CBADB000A3F39F = {
						CreatedOnToolsVersion = 14.2;
					};
				};
			};
			buildConfigurationList = C5150D7829CBADB000A3F39F /* Build configuration list for PBXProject "SwiftUIAnimation" */;
			compatibilityVersion = "Xcode 14.0";
			developmentRegion = en;
			hasScannedForEncodings = 0;
			knownRegions = (
				en,
				Base,
			);
			mainGroup = C5150D7429CBADB000A3F39F;
			productRefGroup = C5150D7E29CBADB000A3F39F /* Products */;
			projectDirPath = "";
			projectRoot = "";
			targets = (
				C5150D7C29CBADB000A3F39F /* SwiftUIAnimation */,
			);
		};
/* End PBXProject section */

/* Begin PBXResourcesBuildPhase section */
		C5150D7B29CBADB000A3F39F /* Resources */ = {
			isa = PBXResourcesBuildPhase;
			buildActionMask = 2147483647;
			files = (
				C5150D8829CBADB100A3F39F /* Preview Assets.xcassets in Resources */,
				C5150D8529CBADB100A3F39F /* Assets.xcassets in Resources */,
			);
			runOnlyForDeploymentPostprocessing = 0;
		};
/* End PBXResourcesBuildPhase section */

/* Begin PBXSourcesBuildPhase section */
		C5150D7929CBADB000A3F39F /* Sources */ = {
			isa = PBXSourcesBuildPhase;
			buildActionMask = 2147483647;
			files = (
				C5150D9029CBAE9E00A3F39F /* BasicAnimationExerciseView.swift in Sources */,
				C5150DA329D0EF5C00A3F39F /* TriggerOnDisappear.swift in Sources */,
				C5150D8329CBADB000A3F39F /* ContentView.swift in Sources */,
				C5150D9729D0D84E00A3F39F /* TriggerButton.swift in Sources */,
				C5150DA129D0EE6F00A3F39F /* TriggerOnAppear.swift in Sources */,
				C5150D9D29D0E55100A3F39F /* TriggerStepper.swift in Sources */,
				C5150DA529D0FA2500A3F39F /* TriggerGesturesDrag.swift in Sources */,
				C5150D8129CBADB000A3F39F /* SwiftUIAnimationApp.swift in Sources */,
				C5150DAB29D0FE0F00A3F39F /* TriggerGestureMagnification.swift in Sources */,
				C5150D9429CDECC600A3F39F /* BasicAnimationShowMenu.swift in Sources */,
				C5150D9B29D0E21A00A3F39F /* TriggerSlider.swift in Sources */,
				C5150DA929D0FD0B00A3F39F /* TriggerGestureTap.swift in Sources */,
				C5150D9929D0DE7C00A3F39F /* TriggerSegmentedControl.swift in Sources */,
				C5150D9F29D0EB5D00A3F39F /* TriggerToggle.swift in Sources */,
				C5150DAD29D0FFB900A3F39F /* TriggerGestureRotation.swift in Sources */,
				C5150DA729D0FC5400A3F39F /* TriggerGestureLongPress.swift in Sources */,
				C5150D9229CBC25100A3F39F /* BasicAnimationLogin.swift in Sources */,
			);
			runOnlyForDeploymentPostprocessing = 0;
		};
/* End PBXSourcesBuildPhase section */

/* Begin XCBuildConfiguration section */
		C5150D8929CBADB100A3F39F /* Debug */ = {
			isa = XCBuildConfiguration;
			buildSettings = {
				ALWAYS_SEARCH_USER_PATHS = NO;
				CLANG_ANALYZER_NONNULL = YES;
				CLANG_ANALYZER_NUMBER_OBJECT_CONVERSION = YES_AGGRESSIVE;
				CLANG_CXX_LANGUAGE_STANDARD = "gnu++20";
				CLANG_ENABLE_MODULES = YES;
				CLANG_ENABLE_OBJC_ARC = YES;
				CLANG_ENABLE_OBJC_WEAK = YES;
				CLANG_WARN_BLOCK_CAPTURE_AUTORELEASING = YES;
				CLANG_WARN_BOOL_CONVERSION = YES;
				CLANG_WARN_COMMA = YES;
				CLANG_WARN_CONSTANT_CONVERSION = YES;
				CLANG_WARN_DEPRECATED_OBJC_IMPLEMENTATIONS = YES;
				CLANG_WARN_DIRECT_OBJC_ISA_USAGE = YES_ERROR;
				CLANG_WARN_DOCUMENTATION_COMMENTS = YES;
				CLANG_WARN_EMPTY_BODY = YES;
				CLANG_WARN_ENUM_CONVERSION = YES;
				CLANG_WARN_INFINITE_RECURSION = YES;
				CLANG_WARN_INT_CONVERSION = YES;
				CLANG_WARN_NON_LITERAL_NULL_CONVERSION = YES;
				CLANG_WARN_OBJC_IMPLICIT_RETAIN_SELF = YES;
				CLANG_WARN_OBJC_LITERAL_CONVERSION = YES;
				CLANG_WARN_OBJC_ROOT_CLASS = YES_ERROR;
				CLANG_WARN_QUOTED_INCLUDE_IN_FRAMEWORK_HEADER = YES;
				CLANG_WARN_RANGE_LOOP_ANALYSIS = YES;
				CLANG_WARN_STRICT_PROTOTYPES = YES;
				CLANG_WARN_SUSPICIOUS_MOVE = YES;
				CLANG_WARN_UNGUARDED_AVAILABILITY = YES_AGGRESSIVE;
				CLANG_WARN_UNREACHABLE_CODE = YES;
				CLANG_WARN__DUPLICATE_METHOD_MATCH = YES;
				COPY_PHASE_STRIP = NO;
				DEBUG_INFORMATION_FORMAT = dwarf;
				ENABLE_STRICT_OBJC_MSGSEND = YES;
				ENABLE_TESTABILITY = YES;
				GCC_C_LANGUAGE_STANDARD = gnu11;
				GCC_DYNAMIC_NO_PIC = NO;
				GCC_NO_COMMON_BLOCKS = YES;
				GCC_OPTIMIZATION_LEVEL = 0;
				GCC_PREPROCESSOR_DEFINITIONS = (
					"DEBUG=1",
					"$(inherited)",
				);
				GCC_WARN_64_TO_32_BIT_CONVERSION = YES;
				GCC_WARN_ABOUT_RETURN_TYPE = YES_ERROR;
				GCC_WARN_UNDECLARED_SELECTOR = YES;
				GCC_WARN_UNINITIALIZED_AUTOS = YES_AGGRESSIVE;
				GCC_WARN_UNUSED_FUNCTION = YES;
				GCC_WARN_UNUSED_VARIABLE = YES;
				IPHONEOS_DEPLOYMENT_TARGET = 16.2;
				MTL_ENABLE_DEBUG_INFO = INCLUDE_SOURCE;
				MTL_FAST_MATH = YES;
				ONLY_ACTIVE_ARCH = YES;
				SDKROOT = iphoneos;
				SWIFT_ACTIVE_COMPILATION_CONDITIONS = DEBUG;
				SWIFT_OPTIMIZATION_LEVEL = "-Onone";
			};
			name = Debug;
		};
		C5150D8A29CBADB100A3F39F /* Release */ = {
			isa = XCBuildConfiguration;
			buildSettings = {
				ALWAYS_SEARCH_USER_PATHS = NO;
				CLANG_ANALYZER_NONNULL = YES;
				CLANG_ANALYZER_NUMBER_OBJECT_CONVERSION = YES_AGGRESSIVE;
				CLANG_CXX_LANGUAGE_STANDARD = "gnu++20";
				CLANG_ENABLE_MODULES = YES;
				CLANG_ENABLE_OBJC_ARC = YES;
				CLANG_ENABLE_OBJC_WEAK = YES;
				CLANG_WARN_BLOCK_CAPTURE_AUTORELEASING = YES;
				CLANG_WARN_BOOL_CONVERSION = YES;
				CLANG_WARN_COMMA = YES;
				CLANG_WARN_CONSTANT_CONVERSION = YES;
				CLANG_WARN_DEPRECATED_OBJC_IMPLEMENTATIONS = YES;
				CLANG_WARN_DIRECT_OBJC_ISA_USAGE = YES_ERROR;
				CLANG_WARN_DOCUMENTATION_COMMENTS = YES;
				CLANG_WARN_EMPTY_BODY = YES;
				CLANG_WARN_ENUM_CONVERSION = YES;
				CLANG_WARN_INFINITE_RECURSION = YES;
				CLANG_WARN_INT_CONVERSION = YES;
				CLANG_WARN_NON_LITERAL_NULL_CONVERSION = YES;
				CLANG_WARN_OBJC_IMPLICIT_RETAIN_SELF = YES;
				CLANG_WARN_OBJC_LITERAL_CONVERSION = YES;
				CLANG_WARN_OBJC_ROOT_CLASS = YES_ERROR;
				CLANG_WARN_QUOTED_INCLUDE_IN_FRAMEWORK_HEADER = YES;
				CLANG_WARN_RANGE_LOOP_ANALYSIS = YES;
				CLANG_WARN_STRICT_PROTOTYPES = YES;
				CLANG_WARN_SUSPICIOUS_MOVE = YES;
				CLANG_WARN_UNGUARDED_AVAILABILITY = YES_AGGRESSIVE;
				CLANG_WARN_UNREACHABLE_CODE = YES;
				CLANG_WARN__DUPLICATE_METHOD_MATCH = YES;
				COPY_PHASE_STRIP = NO;
				DEBUG_INFORMATION_FORMAT = "dwarf-with-dsym";
				ENABLE_NS_ASSERTIONS = NO;
				ENABLE_STRICT_OBJC_MSGSEND = YES;
				GCC_C_LANGUAGE_STANDARD = gnu11;
				GCC_NO_COMMON_BLOCKS = YES;
				GCC_WARN_64_TO_32_BIT_CONVERSION = YES;
				GCC_WARN_ABOUT_RETURN_TYPE = YES_ERROR;
				GCC_WARN_UNDECLARED_SELECTOR = YES;
				GCC_WARN_UNINITIALIZED_AUTOS = YES_AGGRESSIVE;
				GCC_WARN_UNUSED_FUNCTION = YES;
				GCC_WARN_UNUSED_VARIABLE = YES;
				IPHONEOS_DEPLOYMENT_TARGET = 16.2;
				MTL_ENABLE_DEBUG_INFO = NO;
				MTL_FAST_MATH = YES;
				SDKROOT = iphoneos;
				SWIFT_COMPILATION_MODE = wholemodule;
				SWIFT_OPTIMIZATION_LEVEL = "-O";
				VALIDATE_PRODUCT = YES;
			};
			name = Release;
		};
		C5150D8C29CBADB100A3F39F /* Debug */ = {
			isa = XCBuildConfiguration;
			buildSettings = {
				ASSETCATALOG_COMPILER_APPICON_NAME = AppIcon;
				ASSETCATALOG_COMPILER_GLOBAL_ACCENT_COLOR_NAME = AccentColor;
				CODE_SIGN_STYLE = Automatic;
				CURRENT_PROJECT_VERSION = 1;
				DEVELOPMENT_ASSET_PATHS = "\"SwiftUIAnimation/Preview Content\"";
				DEVELOPMENT_TEAM = 7W7XN25TWT;
				ENABLE_PREVIEWS = YES;
				GENERATE_INFOPLIST_FILE = YES;
				INFOPLIST_KEY_UIApplicationSceneManifest_Generation = YES;
				INFOPLIST_KEY_UIApplicationSupportsIndirectInputEvents = YES;
				INFOPLIST_KEY_UILaunchScreen_Generation = YES;
				INFOPLIST_KEY_UISupportedInterfaceOrientations_iPad = "UIInterfaceOrientationPortrait UIInterfaceOrientationPortraitUpsideDown UIInterfaceOrientationLandscapeLeft UIInterfaceOrientationLandscapeRight";
				INFOPLIST_KEY_UISupportedInterfaceOrientations_iPhone = "UIInterfaceOrientationPortrait UIInterfaceOrientationLandscapeLeft UIInterfaceOrientationLandscapeRight";
				LD_RUNPATH_SEARCH_PATHS = (
					"$(inherited)",
					"@executable_path/Frameworks",
				);
				MARKETING_VERSION = 1.0;
				PRODUCT_BUNDLE_IDENTIFIER = batuhan.kacmaz.SwiftUIAnimation;
				PRODUCT_NAME = "$(TARGET_NAME)";
				SWIFT_EMIT_LOC_STRINGS = YES;
				SWIFT_VERSION = 5.0;
				TARGETED_DEVICE_FAMILY = "1,2";
			};
			name = Debug;
		};
		C5150D8D29CBADB100A3F39F /* Release */ = {
			isa = XCBuildConfiguration;
			buildSettings = {
				ASSETCATALOG_COMPILER_APPICON_NAME = AppIcon;
				ASSETCATALOG_COMPILER_GLOBAL_ACCENT_COLOR_NAME = AccentColor;
				CODE_SIGN_STYLE = Automatic;
				CURRENT_PROJECT_VERSION = 1;
				DEVELOPMENT_ASSET_PATHS = "\"SwiftUIAnimation/Preview Content\"";
				DEVELOPMENT_TEAM = 7W7XN25TWT;
				ENABLE_PREVIEWS = YES;
				GENERATE_INFOPLIST_FILE = YES;
				INFOPLIST_KEY_UIApplicationSceneManifest_Generation = YES;
				INFOPLIST_KEY_UIApplicationSupportsIndirectInputEvents = YES;
				INFOPLIST_KEY_UILaunchScreen_Generation = YES;
				INFOPLIST_KEY_UISupportedInterfaceOrientations_iPad = "UIInterfaceOrientationPortrait UIInterfaceOrientationPortraitUpsideDown UIInterfaceOrientationLandscapeLeft UIInterfaceOrientationLandscapeRight";
				INFOPLIST_KEY_UISupportedInterfaceOrientations_iPhone = "UIInterfaceOrientationPortrait UIInterfaceOrientationLandscapeLeft UIInterfaceOrientationLandscapeRight";
				LD_RUNPATH_SEARCH_PATHS = (
					"$(inherited)",
					"@executable_path/Frameworks",
				);
				MARKETING_VERSION = 1.0;
				PRODUCT_BUNDLE_IDENTIFIER = batuhan.kacmaz.SwiftUIAnimation;
				PRODUCT_NAME = "$(TARGET_NAME)";
				SWIFT_EMIT_LOC_STRINGS = YES;
				SWIFT_VERSION = 5.0;
				TARGETED_DEVICE_FAMILY = "1,2";
			};
			name = Release;
		};
/* End XCBuildConfiguration section */

/* Begin XCConfigurationList section */
		C5150D7829CBADB000A3F39F /* Build configuration list for PBXProject "SwiftUIAnimation" */ = {
			isa = XCConfigurationList;
			buildConfigurations = (
				C5150D8929CBADB100A3F39F /* Debug */,
				C5150D8A29CBADB100A3F39F /* Release */,
			);
			defaultConfigurationIsVisible = 0;
			defaultConfigurationName = Release;
		};
		C5150D8B29CBADB100A3F39F /* Build configuration list for PBXNativeTarget "SwiftUIAnimation" */ = {
			isa = XCConfigurationList;
			buildConfigurations = (
				C5150D8C29CBADB100A3F39F /* Debug */,
				C5150D8D29CBADB100A3F39F /* Release */,
			);
			defaultConfigurationIsVisible = 0;
			defaultConfigurationName = Release;
		};
/* End XCConfigurationList section */
	};
	rootObject = C5150D7529CBADB000A3F39F /* Project object */;
}
